
Microsoft Visual Studio Solution File, Format Version 12.00
# Visual Studio Version 17
VisualStudioVersion = 17.13.35931.197 d17.13
MinimumVisualStudioVersion = 10.0.40219.1
Project("{FAE04EC0-301F-11D3-BF4B-00C04F79EFBC}") = "BaiTapBuoi6", "BaiTapBuoi6\BaiTapBuoi6.csproj", "{791F8535-9516-4498-AAA9-180640660C86}"
EndProject
Global
	GlobalSection(SolutionConfigurationPlatforms) = preSolution
		Debug|Any CPU = Debug|Any CPU
		Release|Any CPU = Release|Any CPU
	EndGlobalSection
	GlobalSection(ProjectConfigurationPlatforms) = postSolution
		{791F8535-9516-4498-AAA9-180640660C86}.Debug|Any CPU.ActiveCfg = Debug|Any CPU
		{791F8535-9516-4498-AAA9-180640660C86}.Debug|Any CPU.Build.0 = Debug|Any CPU
		{791F8535-9516-4498-AAA9-180640660C86}.Release|Any CPU.ActiveCfg = Release|Any CPU
		{791F8535-9516-4498-AAA9-180640660C86}.Release|Any CPU.Build.0 = Release|Any CPU
	EndGlobalSection
	GlobalSection(SolutionProperties) = preSolution
		HideSolutionNode = FALSE
	EndGlobalSection
	GlobalSection(ExtensibilityGlobals) = postSolution
		SolutionGuid = {42E7A510-0D74-4714-8074-5D1247A50305}
	EndGlobalSection
EndGlobal
