
Microsoft Visual Studio Solution File, Format Version 12.00
# Visual Studio Version 17
VisualStudioVersion = 17.13.35931.197 d17.13
MinimumVisualStudioVersion = 10.0.40219.1
Project("{FAE04EC0-301F-11D3-BF4B-00C04F79EFBC}") = "WebsiteBanHang", "WebsiteBanHang\WebsiteBanHang.csproj", "{B9D263DD-70A5-4706-8266-CB000ED883E7}"
EndProject
Global
	GlobalSection(SolutionConfigurationPlatforms) = preSolution
		Debug|Any CPU = Debug|Any CPU
		Release|Any CPU = Release|Any CPU
	EndGlobalSection
	GlobalSection(ProjectConfigurationPlatforms) = postSolution
		{B9D263DD-70A5-4706-8266-CB000ED883E7}.Debug|Any CPU.ActiveCfg = Debug|Any CPU
		{B9D263DD-70A5-4706-8266-CB000ED883E7}.Debug|Any CPU.Build.0 = Debug|Any CPU
		{B9D263DD-70A5-4706-8266-CB000ED883E7}.Release|Any CPU.ActiveCfg = Release|Any CPU
		{B9D263DD-70A5-4706-8266-CB000ED883E7}.Release|Any CPU.Build.0 = Release|Any CPU
	EndGlobalSection
	GlobalSection(SolutionProperties) = preSolution
		HideSolutionNode = FALSE
	EndGlobalSection
	GlobalSection(ExtensibilityGlobals) = postSolution
		SolutionGuid = {27E4AF4D-ABCA-4C50-9122-81E60EB462CC}
	EndGlobalSection
EndGlobal
